
Microsoft Visual Studio Solution File, Format Version 12.00
# Visual Studio 15
VisualStudioVersion = 15.0.27703.2018
MinimumVisualStudioVersion = 10.0.40219.1
Project("{FAE04EC0-301F-11D3-BF4B-00C04F79EFBC}") = "ReturningDataFromATask", "ReturningDataFromATask\ReturningDataFromATask.csproj", "{965ACF91-B8BC-4F02-9778-85DCD8F0A60B}"
EndProject
Project("{FAE04EC0-301F-11D3-BF4B-00C04F79EFBC}") = "IOBasedTasks", "IOBasedTasks\IOBasedTasks.csproj", "{5E1E9A6C-E84E-4918-A634-0B6519EF0577}"
EndProject
Project("{FAE04EC0-301F-11D3-BF4B-00C04F79EFBC}") = "SlowWebServer", "SlowWebServer\SlowWebServer.csproj", "{E1B3F2EC-8CE6-4AB3-A5DD-CB135A5C0277}"
EndProject
Project("{FAE04EC0-301F-11D3-BF4B-00C04F79EFBC}") = "ErrorHandlng", "ErrorHandlng\ErrorHandlng.csproj", "{5C01A99E-72C3-4096-86CB-14DD8113D933}"
EndProject
Project("{FAE04EC0-301F-11D3-BF4B-00C04F79EFBC}") = "AsynchronousAPIs", "AsynchronousAPIs\AsynchronousAPIs.csproj", "{D51F82A7-4AA4-4C70-A5D9-8238CF992EAA}"
EndProject
Project("{FAE04EC0-301F-11D3-BF4B-00C04F79EFBC}") = "TaskRelationships", "TaskRelationships\TaskRelationships.csproj", "{A3C10C2E-3430-46C0-950A-A6CC8A04F2DB}"
EndProject
Project("{FAE04EC0-301F-11D3-BF4B-00C04F79EFBC}") = "01_HelloWorldAsync", "01_HelloWorldAsync\01_HelloWorldAsync.csproj", "{AB7790B7-AF64-49AB-B20A-A4CB429868E3}"
EndProject
Project("{FAE04EC0-301F-11D3-BF4B-00C04F79EFBC}") = "02_AsynchronousGuaranteedHelloWorld", "02_AsynchronousGuaranteedHelloWorld\02_AsynchronousGuaranteedHelloWorld.csproj", "{46CDB962-74B7-460D-8DA4-90F97ECDFD20}"
EndProject
Project("{FAE04EC0-301F-11D3-BF4B-00C04F79EFBC}") = "03_ThreadPoolThread", "03_ThreadPoolThread\03_ThreadPoolThread.csproj", "{C0BDBFFA-0E03-493E-94BF-A8B48D2D87BE}"
EndProject
Project("{FAE04EC0-301F-11D3-BF4B-00C04F79EFBC}") = "04_LongRunningTask", "04_LongRunningTask\04_LongRunningTask.csproj", "{1870658E-6E38-425C-A865-9230AEAA9A03}"
EndProject
Project("{FAE04EC0-301F-11D3-BF4B-00C04F79EFBC}") = "XXX_AsynchronousAPIs", "05_AsynchronousAPIs\XXX_AsynchronousAPIs.csproj", "{10ADF62F-C84E-4372-8175-6CC564AE3BC4}"
EndProject
Project("{FAE04EC0-301F-11D3-BF4B-00C04F79EFBC}") = "05_ReturningDataFromATask", "05_ReturningDataFromATask\05_ReturningDataFromATask.csproj", "{FB83E767-0122-42B0-AC7A-42C5E855C13A}"
EndProject
Global
	GlobalSection(SolutionConfigurationPlatforms) = preSolution
		Debug|Any CPU = Debug|Any CPU
		Release|Any CPU = Release|Any CPU
	EndGlobalSection
	GlobalSection(ProjectConfigurationPlatforms) = postSolution
		{965ACF91-B8BC-4F02-9778-85DCD8F0A60B}.Debug|Any CPU.ActiveCfg = Debug|Any CPU
		{965ACF91-B8BC-4F02-9778-85DCD8F0A60B}.Debug|Any CPU.Build.0 = Debug|Any CPU
		{965ACF91-B8BC-4F02-9778-85DCD8F0A60B}.Release|Any CPU.ActiveCfg = Release|Any CPU
		{965ACF91-B8BC-4F02-9778-85DCD8F0A60B}.Release|Any CPU.Build.0 = Release|Any CPU
		{5E1E9A6C-E84E-4918-A634-0B6519EF0577}.Debug|Any CPU.ActiveCfg = Debug|Any CPU
		{5E1E9A6C-E84E-4918-A634-0B6519EF0577}.Debug|Any CPU.Build.0 = Debug|Any CPU
		{5E1E9A6C-E84E-4918-A634-0B6519EF0577}.Release|Any CPU.ActiveCfg = Release|Any CPU
		{5E1E9A6C-E84E-4918-A634-0B6519EF0577}.Release|Any CPU.Build.0 = Release|Any CPU
		{E1B3F2EC-8CE6-4AB3-A5DD-CB135A5C0277}.Debug|Any CPU.ActiveCfg = Debug|Any CPU
		{E1B3F2EC-8CE6-4AB3-A5DD-CB135A5C0277}.Debug|Any CPU.Build.0 = Debug|Any CPU
		{E1B3F2EC-8CE6-4AB3-A5DD-CB135A5C0277}.Release|Any CPU.ActiveCfg = Release|Any CPU
		{E1B3F2EC-8CE6-4AB3-A5DD-CB135A5C0277}.Release|Any CPU.Build.0 = Release|Any CPU
		{5C01A99E-72C3-4096-86CB-14DD8113D933}.Debug|Any CPU.ActiveCfg = Debug|Any CPU
		{5C01A99E-72C3-4096-86CB-14DD8113D933}.Debug|Any CPU.Build.0 = Debug|Any CPU
		{5C01A99E-72C3-4096-86CB-14DD8113D933}.Release|Any CPU.ActiveCfg = Release|Any CPU
		{5C01A99E-72C3-4096-86CB-14DD8113D933}.Release|Any CPU.Build.0 = Release|Any CPU
		{D51F82A7-4AA4-4C70-A5D9-8238CF992EAA}.Debug|Any CPU.ActiveCfg = Debug|Any CPU
		{D51F82A7-4AA4-4C70-A5D9-8238CF992EAA}.Debug|Any CPU.Build.0 = Debug|Any CPU
		{D51F82A7-4AA4-4C70-A5D9-8238CF992EAA}.Release|Any CPU.ActiveCfg = Release|Any CPU
		{D51F82A7-4AA4-4C70-A5D9-8238CF992EAA}.Release|Any CPU.Build.0 = Release|Any CPU
		{A3C10C2E-3430-46C0-950A-A6CC8A04F2DB}.Debug|Any CPU.ActiveCfg = Debug|Any CPU
		{A3C10C2E-3430-46C0-950A-A6CC8A04F2DB}.Debug|Any CPU.Build.0 = Debug|Any CPU
		{A3C10C2E-3430-46C0-950A-A6CC8A04F2DB}.Release|Any CPU.ActiveCfg = Release|Any CPU
		{A3C10C2E-3430-46C0-950A-A6CC8A04F2DB}.Release|Any CPU.Build.0 = Release|Any CPU
		{AB7790B7-AF64-49AB-B20A-A4CB429868E3}.Debug|Any CPU.ActiveCfg = Debug|Any CPU
		{AB7790B7-AF64-49AB-B20A-A4CB429868E3}.Debug|Any CPU.Build.0 = Debug|Any CPU
		{AB7790B7-AF64-49AB-B20A-A4CB429868E3}.Release|Any CPU.ActiveCfg = Release|Any CPU
		{AB7790B7-AF64-49AB-B20A-A4CB429868E3}.Release|Any CPU.Build.0 = Release|Any CPU
		{46CDB962-74B7-460D-8DA4-90F97ECDFD20}.Debug|Any CPU.ActiveCfg = Debug|Any CPU
		{46CDB962-74B7-460D-8DA4-90F97ECDFD20}.Debug|Any CPU.Build.0 = Debug|Any CPU
		{46CDB962-74B7-460D-8DA4-90F97ECDFD20}.Release|Any CPU.ActiveCfg = Release|Any CPU
		{46CDB962-74B7-460D-8DA4-90F97ECDFD20}.Release|Any CPU.Build.0 = Release|Any CPU
		{C0BDBFFA-0E03-493E-94BF-A8B48D2D87BE}.Debug|Any CPU.ActiveCfg = Debug|Any CPU
		{C0BDBFFA-0E03-493E-94BF-A8B48D2D87BE}.Debug|Any CPU.Build.0 = Debug|Any CPU
		{C0BDBFFA-0E03-493E-94BF-A8B48D2D87BE}.Release|Any CPU.ActiveCfg = Release|Any CPU
		{C0BDBFFA-0E03-493E-94BF-A8B48D2D87BE}.Release|Any CPU.Build.0 = Release|Any CPU
		{1870658E-6E38-425C-A865-9230AEAA9A03}.Debug|Any CPU.ActiveCfg = Debug|Any CPU
		{1870658E-6E38-425C-A865-9230AEAA9A03}.Debug|Any CPU.Build.0 = Debug|Any CPU
		{1870658E-6E38-425C-A865-9230AEAA9A03}.Release|Any CPU.ActiveCfg = Release|Any CPU
		{1870658E-6E38-425C-A865-9230AEAA9A03}.Release|Any CPU.Build.0 = Release|Any CPU
		{10ADF62F-C84E-4372-8175-6CC564AE3BC4}.Debug|Any CPU.ActiveCfg = Debug|Any CPU
		{10ADF62F-C84E-4372-8175-6CC564AE3BC4}.Debug|Any CPU.Build.0 = Debug|Any CPU
		{10ADF62F-C84E-4372-8175-6CC564AE3BC4}.Release|Any CPU.ActiveCfg = Release|Any CPU
		{10ADF62F-C84E-4372-8175-6CC564AE3BC4}.Release|Any CPU.Build.0 = Release|Any CPU
		{FB83E767-0122-42B0-AC7A-42C5E855C13A}.Debug|Any CPU.ActiveCfg = Debug|Any CPU
		{FB83E767-0122-42B0-AC7A-42C5E855C13A}.Debug|Any CPU.Build.0 = Debug|Any CPU
		{FB83E767-0122-42B0-AC7A-42C5E855C13A}.Release|Any CPU.ActiveCfg = Release|Any CPU
		{FB83E767-0122-42B0-AC7A-42C5E855C13A}.Release|Any CPU.Build.0 = Release|Any CPU
	EndGlobalSection
	GlobalSection(SolutionProperties) = preSolution
		HideSolutionNode = FALSE
	EndGlobalSection
	GlobalSection(ExtensibilityGlobals) = postSolution
		SolutionGuid = {0409A1F7-8178-4E31-9898-3AFEFCA7BB23}
	EndGlobalSection
EndGlobal
